Microsoft Visual Studio Solution File, Format Version 12.00
# Visual Studio Version 17
VisualStudioVersion = 17.5.2.0
MinimumVisualStudioVersion = 10.0.40219.1
Project("{FAE04EC0-301F-11D3-BF4B-00C04F79EFBC}") = "SocialNetworkAnalyzer.API", "SocialNetworkAnalyzer.API.csproj", "{D9F9B2C3-0271-B0B7-9259-A85437460DDE}"
EndProject
Global
	GlobalSection(SolutionConfigurationPlatforms) = preSolution
		Debug|Any CPU = Debug|Any CPU
		Release|Any CPU = Release|Any CPU
	EndGlobalSection
	GlobalSection(ProjectConfigurationPlatforms) = postSolution
		{D9F9B2C3-0271-B0B7-9259-A85437460DDE}.Debug|Any CPU.ActiveCfg = Debug|Any CPU
		{D9F9B2C3-0271-B0B7-9259-A85437460DDE}.Debug|Any CPU.Build.0 = Debug|Any CPU
		{D9F9B2C3-0271-B0B7-9259-A85437460DDE}.Release|Any CPU.ActiveCfg = Release|Any CPU
		{D9F9B2C3-0271-B0B7-9259-A85437460DDE}.Release|Any CPU.Build.0 = Release|Any CPU
	EndGlobalSection
	GlobalSection(SolutionProperties) = preSolution
		HideSolutionNode = FALSE
	EndGlobalSection
	GlobalSection(ExtensibilityGlobals) = postSolution
		SolutionGuid = {F47289BE-8808-47F4-AC92-09A6C4C51F21}
	EndGlobalSection
EndGlobal
